
Microsoft Visual Studio Solution File, Format Version 12.00
# Visual Studio Version 17
VisualStudioVersion = 17.1.32421.90
MinimumVisualStudioVersion = 10.0.40219.1
Project("{FAE04EC0-301F-11D3-BF4B-00C04F79EFBC}") = "CheckForFile", "CheckForFile.csproj", "{21F68943-7FCD-4826-A709-ADE997A73AED}"
EndProject
Global
	GlobalSection(SolutionConfigurationPlatforms) = preSolution
		Debug|Any CPU = Debug|Any CPU
		Release|Any CPU = Release|Any CPU
	EndGlobalSection
	GlobalSection(ProjectConfigurationPlatforms) = postSolution
		{21F68943-7FCD-4826-A709-ADE997A73AED}.Debug|Any CPU.ActiveCfg = Debug|Any CPU
		{21F68943-7FCD-4826-A709-ADE997A73AED}.Debug|Any CPU.Build.0 = Debug|Any CPU
		{21F68943-7FCD-4826-A709-ADE997A73AED}.Release|Any CPU.ActiveCfg = Release|Any CPU
		{21F68943-7FCD-4826-A709-ADE997A73AED}.Release|Any CPU.Build.0 = Release|Any CPU
	EndGlobalSection
	GlobalSection(SolutionProperties) = preSolution
		HideSolutionNode = FALSE
	EndGlobalSection
	GlobalSection(ExtensibilityGlobals) = postSolution
		SolutionGuid = {0141EF5B-DB96-4D84-A928-9504C5AB74B6}
	EndGlobalSection
EndGlobal
